
Microsoft Visual Studio Solution File, Format Version 12.00
# Visual Studio 15
VisualStudioVersion = 15.0.28010.2046
MinimumVisualStudioVersion = 10.0.40219.1
Project("{FAE04EC0-301F-11D3-BF4B-00C04F79EFBC}") = "LastAssignment", "LastAssignment\LastAssignment.csproj", "{CEA22508-3069-4567-87A5-C9CC1FCE83B4}"
EndProject
Global
	GlobalSection(SolutionConfigurationPlatforms) = preSolution
		Debug|Any CPU = Debug|Any CPU
		Release|Any CPU = Release|Any CPU
	EndGlobalSection
	GlobalSection(ProjectConfigurationPlatforms) = postSolution
		{CEA22508-3069-4567-87A5-C9CC1FCE83B4}.Debug|Any CPU.ActiveCfg = Debug|Any CPU
		{CEA22508-3069-4567-87A5-C9CC1FCE83B4}.Debug|Any CPU.Build.0 = Debug|Any CPU
		{CEA22508-3069-4567-87A5-C9CC1FCE83B4}.Release|Any CPU.ActiveCfg = Release|Any CPU
		{CEA22508-3069-4567-87A5-C9CC1FCE83B4}.Release|Any CPU.Build.0 = Release|Any CPU
	EndGlobalSection
	GlobalSection(SolutionProperties) = preSolution
		HideSolutionNode = FALSE
	EndGlobalSection
	GlobalSection(ExtensibilityGlobals) = postSolution
		SolutionGuid = {3383A227-37FD-4A58-BADC-430148A8A462}
	EndGlobalSection
EndGlobal
